{
  "name": "made-of-bits",
  "version": "0.0.0",
  "lockfileVersion": 3,
  "requires": true,
  "packages": {
    "": {
      "name": "made-of-bits",
      "version": "0.0.0",
      "license": "ISC",
      "dependencies": {
        "tead": "^0.6.0"
      }
    },
    "node_modules/tead": {
      "version": "0.6.0",
      "resolved": "https://registry.npmjs.org/tead/-/tead-0.6.0.tgz",
      "integrity": "sha512-My6BWIbGV0J3GQblioZmzivedlUJqGgrZasd8vmYWA6IKDkCDuUs4TL/Oohx9zXi3E+c0aFnHwxqdcpoRvzKug==",
      "bin": {
        "tead": "src/tead.js"
      },
      "engines": {
        "node": ">=12.0"
      }
    }
  }
}
